# @generated by Move, please check-in and do not edit manually.

[move]
version = 2
manifest_digest = "ECC88DE5DABD68662899F11353485FE89C8016626447855705E8ECB52C83275A"
deps_digest = "F8BBB0CCB2491CA29A3DF03D6F92277A4F3574266507ACD77214D37ECA3F3082"
dependencies = [
  { name = "Sui" },
]

[[move.package]]
name = "MoveStdlib"
source = { git = "https://github.com/MystenLabs/sui.git", rev = "framework/testnet", subdir = "crates/sui-framework/packages/move-stdlib" }

[[move.package]]
name = "Sui"
source = { git = "https://github.com/MystenLabs/sui.git", rev = "framework/testnet", subdir = "crates/sui-framework/packages/sui-framework" }

dependencies = [
  { name = "MoveStdlib" },
]

[move.toolchain-version]
compiler-version = "1.33.0"
edition = "2024.beta"
flavor = "sui"

[env]

[env.devnet]
chain-id = "2fe1c174"
original-published-id = "0x1333cb0758f3e9c35c3afd69718de36254f92f1356308ec1a1b64f8ef1dbce0f"
latest-published-id = "0x1333cb0758f3e9c35c3afd69718de36254f92f1356308ec1a1b64f8ef1dbce0f"
published-version = "1"
